
Microsoft Visual Studio Solution File, Format Version 12.00
# Visual Studio Version 17
VisualStudioVersion = 17.0.31903.59
MinimumVisualStudioVersion = 10.0.40219.1
Project("{9A19103F-16F7-4668-BE54-9A1E7A4F7556}") = "Test.Shared", "Shared\Test.Shared.csproj", "{5C6CF29C-BFCB-4803-A85A-82A6EF66B769}"
EndProject
Project("{9A19103F-16F7-4668-BE54-9A1E7A4F7556}") = "Test.Server", "Server\Test.Server.csproj", "{5FDCC410-193E-4A11-8DD0-6F8ADC3F64C8}"
EndProject
Project("{9A19103F-16F7-4668-BE54-9A1E7A4F7556}") = "Test.Client", "Client\Test.Client.csproj", "{BD9AFB89-B856-42AC-861A-85969E9188C0}"
EndProject
Global
	GlobalSection(SolutionConfigurationPlatforms) = preSolution
		Debug|Any CPU = Debug|Any CPU
		Release|Any CPU = Release|Any CPU
	EndGlobalSection
	GlobalSection(ProjectConfigurationPlatforms) = postSolution
		{5C6CF29C-BFCB-4803-A85A-82A6EF66B769}.Debug|Any CPU.ActiveCfg = Debug|Any CPU
		{5C6CF29C-BFCB-4803-A85A-82A6EF66B769}.Debug|Any CPU.Build.0 = Debug|Any CPU
		{5C6CF29C-BFCB-4803-A85A-82A6EF66B769}.Release|Any CPU.ActiveCfg = Release|Any CPU
		{5C6CF29C-BFCB-4803-A85A-82A6EF66B769}.Release|Any CPU.Build.0 = Release|Any CPU
		{5FDCC410-193E-4A11-8DD0-6F8ADC3F64C8}.Debug|Any CPU.ActiveCfg = Debug|Any CPU
		{5FDCC410-193E-4A11-8DD0-6F8ADC3F64C8}.Debug|Any CPU.Build.0 = Debug|Any CPU
		{5FDCC410-193E-4A11-8DD0-6F8ADC3F64C8}.Release|Any CPU.ActiveCfg = Release|Any CPU
		{5FDCC410-193E-4A11-8DD0-6F8ADC3F64C8}.Release|Any CPU.Build.0 = Release|Any CPU
		{BD9AFB89-B856-42AC-861A-85969E9188C0}.Debug|Any CPU.ActiveCfg = Debug|Any CPU
		{BD9AFB89-B856-42AC-861A-85969E9188C0}.Debug|Any CPU.Build.0 = Debug|Any CPU
		{BD9AFB89-B856-42AC-861A-85969E9188C0}.Release|Any CPU.ActiveCfg = Release|Any CPU
		{BD9AFB89-B856-42AC-861A-85969E9188C0}.Release|Any CPU.Build.0 = Release|Any CPU
	EndGlobalSection
	GlobalSection(SolutionProperties) = preSolution
		HideSolutionNode = FALSE
	EndGlobalSection
	GlobalSection(ExtensibilityGlobals) = postSolution
		SolutionGuid = {6DBF8473-06FC-43AF-A14F-41F17AB93C7E}
	EndGlobalSection
EndGlobal
